
Microsoft Visual Studio Solution File, Format Version 12.00
# Visual Studio Version 17
VisualStudioVersion = 17.11.35222.181
MinimumVisualStudioVersion = 10.0.40219.1
Project("{FAE04EC0-301F-11D3-BF4B-00C04F79EFBC}") = "segundopunto_parcial", "segundopunto_parcial\segundopunto_parcial.csproj", "{49FF95DF-F522-4E3F-8181-6AE50253DA79}"
EndProject
Global
	GlobalSection(SolutionConfigurationPlatforms) = preSolution
		Debug|Any CPU = Debug|Any CPU
		Release|Any CPU = Release|Any CPU
	EndGlobalSection
	GlobalSection(ProjectConfigurationPlatforms) = postSolution
		{49FF95DF-F522-4E3F-8181-6AE50253DA79}.Debug|Any CPU.ActiveCfg = Debug|Any CPU
		{49FF95DF-F522-4E3F-8181-6AE50253DA79}.Debug|Any CPU.Build.0 = Debug|Any CPU
		{49FF95DF-F522-4E3F-8181-6AE50253DA79}.Release|Any CPU.ActiveCfg = Release|Any CPU
		{49FF95DF-F522-4E3F-8181-6AE50253DA79}.Release|Any CPU.Build.0 = Release|Any CPU
	EndGlobalSection
	GlobalSection(SolutionProperties) = preSolution
		HideSolutionNode = FALSE
	EndGlobalSection
	GlobalSection(ExtensibilityGlobals) = postSolution
		SolutionGuid = {382D3921-8074-4072-9E5B-6CCD605B569C}
	EndGlobalSection
EndGlobal
