
Microsoft Visual Studio Solution File, Format Version 12.00
# Visual Studio Version 17
VisualStudioVersion = 17.11.35222.181
MinimumVisualStudioVersion = 10.0.40219.1
Project("{FAE04EC0-301F-11D3-BF4B-00C04F79EFBC}") = "primerpunto_parcial", "primerpunto_parcial\primerpunto_parcial.csproj", "{7A232E94-549B-4118-95BE-95E00E5BAB7D}"
EndProject
Global
	GlobalSection(SolutionConfigurationPlatforms) = preSolution
		Debug|Any CPU = Debug|Any CPU
		Release|Any CPU = Release|Any CPU
	EndGlobalSection
	GlobalSection(ProjectConfigurationPlatforms) = postSolution
		{7A232E94-549B-4118-95BE-95E00E5BAB7D}.Debug|Any CPU.ActiveCfg = Debug|Any CPU
		{7A232E94-549B-4118-95BE-95E00E5BAB7D}.Debug|Any CPU.Build.0 = Debug|Any CPU
		{7A232E94-549B-4118-95BE-95E00E5BAB7D}.Release|Any CPU.ActiveCfg = Release|Any CPU
		{7A232E94-549B-4118-95BE-95E00E5BAB7D}.Release|Any CPU.Build.0 = Release|Any CPU
	EndGlobalSection
	GlobalSection(SolutionProperties) = preSolution
		HideSolutionNode = FALSE
	EndGlobalSection
	GlobalSection(ExtensibilityGlobals) = postSolution
		SolutionGuid = {D9A635D5-5152-4308-8965-7D29FDFBD53F}
	EndGlobalSection
EndGlobal
